
Microsoft Visual Studio Solution File, Format Version 12.00
# Visual Studio Version 17
VisualStudioVersion = 17.13.35818.85 d17.13
MinimumVisualStudioVersion = 10.0.40219.1
Project("{FAE04EC0-301F-11D3-BF4B-00C04F79EFBC}") = "MatrixPorted", "MatrixPorted\MatrixPorted.csproj", "{D0AA5D81-232C-4604-807D-A675C7191727}"
EndProject
Global
	GlobalSection(SolutionConfigurationPlatforms) = preSolution
		Debug|Any CPU = Debug|Any CPU
		Release|Any CPU = Release|Any CPU
	EndGlobalSection
	GlobalSection(ProjectConfigurationPlatforms) = postSolution
		{D0AA5D81-232C-4604-807D-A675C7191727}.Debug|Any CPU.ActiveCfg = Debug|Any CPU
		{D0AA5D81-232C-4604-807D-A675C7191727}.Debug|Any CPU.Build.0 = Debug|Any CPU
		{D0AA5D81-232C-4604-807D-A675C7191727}.Release|Any CPU.ActiveCfg = Release|Any CPU
		{D0AA5D81-232C-4604-807D-A675C7191727}.Release|Any CPU.Build.0 = Release|Any CPU
	EndGlobalSection
	GlobalSection(SolutionProperties) = preSolution
		HideSolutionNode = FALSE
	EndGlobalSection
	GlobalSection(ExtensibilityGlobals) = postSolution
		SolutionGuid = {3547AC04-86DC-439A-B938-1974E5F008F0}
	EndGlobalSection
EndGlobal
